
Microsoft Visual Studio Solution File, Format Version 12.00
# Visual Studio Version 17
VisualStudioVersion = 17.5.002.0
MinimumVisualStudioVersion = 10.0.40219.1
Project("{9A19103F-16F7-4668-BE54-9A1E7A4F7556}") = "simple-arithmetic-HelloJacobW", "simple-arithmetic-HelloJacobW.csproj", "{327821C4-5E93-4ADA-B3EE-2BF077BC292A}"
EndProject
Global
	GlobalSection(SolutionConfigurationPlatforms) = preSolution
		Debug|Any CPU = Debug|Any CPU
		Release|Any CPU = Release|Any CPU
	EndGlobalSection
	GlobalSection(ProjectConfigurationPlatforms) = postSolution
		{327821C4-5E93-4ADA-B3EE-2BF077BC292A}.Debug|Any CPU.ActiveCfg = Debug|Any CPU
		{327821C4-5E93-4ADA-B3EE-2BF077BC292A}.Debug|Any CPU.Build.0 = Debug|Any CPU
		{327821C4-5E93-4ADA-B3EE-2BF077BC292A}.Release|Any CPU.ActiveCfg = Release|Any CPU
		{327821C4-5E93-4ADA-B3EE-2BF077BC292A}.Release|Any CPU.Build.0 = Release|Any CPU
	EndGlobalSection
	GlobalSection(SolutionProperties) = preSolution
		HideSolutionNode = FALSE
	EndGlobalSection
	GlobalSection(ExtensibilityGlobals) = postSolution
		SolutionGuid = {9DED515B-40E8-493A-A2AB-57512F2EF986}
	EndGlobalSection
EndGlobal
